// !$*UTF8*$!
{
	archiveVersion = 1;
	classes = {
	};
	objectVersion = 55;
	objects = {

/* Begin PBXBuildFile section */
		2629D82627A1A9CB00D4D088 /* AppDelegate.swift in Sources */ = {isa = PBXBuildFile; fileRef = 2629D82527A1A9CB00D4D088 /* AppDelegate.swift */; };
		2629D82827A1A9CB00D4D088 /* SceneDelegate.swift in Sources */ = {isa = PBXBuildFile; fileRef = 2629D82727A1A9CB00D4D088 /* SceneDelegate.swift */; };
		2629D82A27A1A9CB00D4D088 /* ViewController.swift in Sources */ = {isa = PBXBuildFile; fileRef = 2629D82927A1A9CB00D4D088 /* ViewController.swift */; };
		2629D82D27A1A9CB00D4D088 /* Main.storyboard in Resources */ = {isa = PBXBuildFile; fileRef = 2629D82B27A1A9CB00D4D088 /* Main.storyboard */; };
		2629D82F27A1A9CF00D4D088 /* Assets.xcassets in Resources */ = {isa = PBXBuildFile; fileRef = 2629D82E27A1A9CF00D4D088 /* Assets.xcassets */; };
		2629D83227A1A9CF00D4D088 /* LaunchScreen.storyboard in Resources */ = {isa = PBXBuildFile; fileRef = 2629D83027A1A9CF00D4D088 /* LaunchScreen.storyboard */; };
		2629D84027A1AA0C00D4D088 /* FloatingLabel.m in Sources */ = {isa = PBXBuildFile; fileRef = 2629D83B27A1AA0C00D4D088 /* FloatingLabel.m */; };
		2629D84127A1AA0C00D4D088 /* FloatingView.m in Sources */ = {isa = PBXBuildFile; fileRef = 2629D83D27A1AA0C00D4D088 /* FloatingView.m */; };
		2629D84227A1AA0C00D4D088 /* FloatingAttribute.m in Sources */ = {isa = PBXBuildFile; fileRef = 2629D83E27A1AA0C00D4D088 /* FloatingAttribute.m */; };
/* End PBXBuildFile section */

/* Begin PBXFileReference section */
		2629D82227A1A9CB00D4D088 /* floating.app */ = {isa = PBXFileReference; explicitFileType = wrapper.application; includeInIndex = 0; path = floating.app; sourceTree = BUILT_PRODUCTS_DIR; };
		2629D82527A1A9CB00D4D088 /* AppDelegate.swift */ = {isa = PBXFileReference; lastKnownFileType = sourcecode.swift; path = AppDelegate.swift; sourceTree = "<group>"; };
		2629D82727A1A9CB00D4D088 /* SceneDelegate.swift */ = {isa = PBXFileReference; lastKnownFileType = sourcecode.swift; path = SceneDelegate.swift; sourceTree = "<group>"; };
		2629D82927A1A9CB00D4D088 /* ViewController.swift */ = {isa = PBXFileReference; lastKnownFileType = sourcecode.swift; path = ViewController.swift; sourceTree = "<group>"; };
		2629D82C27A1A9CB00D4D088 /* Base */ = {isa = PBXFileReference; lastKnownFileType = file.storyboard; name = Base; path = Base.lproj/Main.storyboard; sourceTree = "<group>"; };
		2629D82E27A1A9CF00D4D088 /* Assets.xcassets */ = {isa = PBXFileReference; lastKnownFileType = folder.assetcatalog; path = Assets.xcassets; sourceTree = "<group>"; };
		2629D83127A1A9CF00D4D088 /* Base */ = {isa = PBXFileReference; lastKnownFileType = file.storyboard; name = Base; path = Base.lproj/LaunchScreen.storyboard; sourceTree = "<group>"; };
		2629D83327A1A9CF00D4D088 /* Info.plist */ = {isa = PBXFileReference; lastKnownFileType = text.plist.xml; path = Info.plist; sourceTree = "<group>"; };
		2629D83A27A1AA0C00D4D088 /* FloatingView.h */ = {isa = PBXFileReference; fileEncoding = 4; lastKnownFileType = sourcecode.c.h; path = FloatingView.h; sourceTree = "<group>"; };
		2629D83B27A1AA0C00D4D088 /* FloatingLabel.m */ = {isa = PBXFileReference; fileEncoding = 4; lastKnownFileType = sourcecode.c.objc; path = FloatingLabel.m; sourceTree = "<group>"; };
		2629D83C27A1AA0C00D4D088 /* FloatingAttribute.h */ = {isa = PBXFileReference; fileEncoding = 4; lastKnownFileType = sourcecode.c.h; path = FloatingAttribute.h; sourceTree = "<group>"; };
		2629D83D27A1AA0C00D4D088 /* FloatingView.m */ = {isa = PBXFileReference; fileEncoding = 4; lastKnownFileType = sourcecode.c.objc; path = FloatingView.m; sourceTree = "<group>"; };
		2629D83E27A1AA0C00D4D088 /* FloatingAttribute.m */ = {isa = PBXFileReference; fileEncoding = 4; lastKnownFileType = sourcecode.c.objc; path = FloatingAttribute.m; sourceTree = "<group>"; };
		2629D83F27A1AA0C00D4D088 /* FloatingLabel.h */ = {isa = PBXFileReference; fileEncoding = 4; lastKnownFileType = sourcecode.c.h; path = FloatingLabel.h; sourceTree = "<group>"; };
		2629D84627A1ABA300D4D088 /* Bridging-Header.h */ = {isa = PBXFileReference; fileEncoding = 4; lastKnownFileType = sourcecode.c.h; path = "Bridging-Header.h"; sourceTree = "<group>"; };
/* End PBXFileReference section */

/* Begin PBXFrameworksBuildPhase section */
		2629D81F27A1A9CB00D4D088 /* Frameworks */ = {
			isa = PBXFrameworksBuildPhase;
			buildActionMask = 2147483647;
			files = (
			);
			runOnlyForDeploymentPostprocessing = 0;
		};
/* End PBXFrameworksBuildPhase section */

/* Begin PBXGroup section */
		2629D81927A1A9CB00D4D088 = {
			isa = PBXGroup;
			children = (
				2629D82427A1A9CB00D4D088 /* floating */,
				2629D82327A1A9CB00D4D088 /* Products */,
			);
			sourceTree = "<group>";
		};
		2629D82327A1A9CB00D4D088 /* Products */ = {
			isa = PBXGroup;
			children = (
				2629D82227A1A9CB00D4D088 /* floating.app */,
			);
			name = Products;
			sourceTree = "<group>";
		};
		2629D82427A1A9CB00D4D088 /* floating */ = {
			isa = PBXGroup;
			children = (
				2629D84627A1ABA300D4D088 /* Bridging-Header.h */,
				2629D83927A1AA0C00D4D088 /* FloatingView */,
				2629D82527A1A9CB00D4D088 /* AppDelegate.swift */,
				2629D82727A1A9CB00D4D088 /* SceneDelegate.swift */,
				2629D82927A1A9CB00D4D088 /* ViewController.swift */,
				2629D82B27A1A9CB00D4D088 /* Main.storyboard */,
				2629D82E27A1A9CF00D4D088 /* Assets.xcassets */,
				2629D83027A1A9CF00D4D088 /* LaunchScreen.storyboard */,
				2629D83327A1A9CF00D4D088 /* Info.plist */,
			);
			path = floating;
			sourceTree = "<group>";
		};
		2629D83927A1AA0C00D4D088 /* FloatingView */ = {
			isa = PBXGroup;
			children = (
				2629D83A27A1AA0C00D4D088 /* FloatingView.h */,
				2629D83B27A1AA0C00D4D088 /* FloatingLabel.m */,
				2629D83C27A1AA0C00D4D088 /* FloatingAttribute.h */,
				2629D83D27A1AA0C00D4D088 /* FloatingView.m */,
				2629D83E27A1AA0C00D4D088 /* FloatingAttribute.m */,
				2629D83F27A1AA0C00D4D088 /* FloatingLabel.h */,
			);
			path = FloatingView;
			sourceTree = "<group>";
		};
/* End PBXGroup section */

/* Begin PBXNativeTarget section */
		2629D82127A1A9CB00D4D088 /* floating */ = {
			isa = PBXNativeTarget;
			buildConfigurationList = 2629D83627A1A9CF00D4D088 /* Build configuration list for PBXNativeTarget "floating" */;
			buildPhases = (
				2629D81E27A1A9CB00D4D088 /* Sources */,
				2629D81F27A1A9CB00D4D088 /* Frameworks */,
				2629D82027A1A9CB00D4D088 /* Resources */,
			);
			buildRules = (
			);
			dependencies = (
			);
			name = floating;
			productName = floating;
			productReference = 2629D82227A1A9CB00D4D088 /* floating.app */;
			productType = "com.apple.product-type.application";
		};
/* End PBXNativeTarget section */

/* Begin PBXProject section */
		2629D81A27A1A9CB00D4D088 /* Project object */ = {
			isa = PBXProject;
			attributes = {
				BuildIndependentTargetsInParallel = 1;
				LastSwiftUpdateCheck = 1320;
				LastUpgradeCheck = 1320;
				TargetAttributes = {
					2629D82127A1A9CB00D4D088 = {
						CreatedOnToolsVersion = 13.2.1;
					};
				};
			};
			buildConfigurationList = 2629D81D27A1A9CB00D4D088 /* Build configuration list for PBXProject "floating" */;
			compatibilityVersion = "Xcode 13.0";
			developmentRegion = en;
			hasScannedForEncodings = 0;
			knownRegions = (
				en,
				Base,
			);
			mainGroup = 2629D81927A1A9CB00D4D088;
			productRefGroup = 2629D82327A1A9CB00D4D088 /* Products */;
			projectDirPath = "";
			projectRoot = "";
			targets = (
				2629D82127A1A9CB00D4D088 /* floating */,
			);
		};
/* End PBXProject section */

/* Begin PBXResourcesBuildPhase section */
		2629D82027A1A9CB00D4D088 /* Resources */ = {
			isa = PBXResourcesBuildPhase;
			buildActionMask = 2147483647;
			files = (
				2629D83227A1A9CF00D4D088 /* LaunchScreen.storyboard in Resources */,
				2629D82F27A1A9CF00D4D088 /* Assets.xcassets in Resources */,
				2629D82D27A1A9CB00D4D088 /* Main.storyboard in Resources */,
			);
			runOnlyForDeploymentPostprocessing = 0;
		};
/* End PBXResourcesBuildPhase section */

/* Begin PBXSourcesBuildPhase section */
		2629D81E27A1A9CB00D4D088 /* Sources */ = {
			isa = PBXSourcesBuildPhase;
			buildActionMask = 2147483647;
			files = (
				2629D82A27A1A9CB00D4D088 /* ViewController.swift in Sources */,
				2629D82627A1A9CB00D4D088 /* AppDelegate.swift in Sources */,
				2629D82827A1A9CB00D4D088 /* SceneDelegate.swift in Sources */,
				2629D84127A1AA0C00D4D088 /* FloatingView.m in Sources */,
				2629D84027A1AA0C00D4D088 /* FloatingLabel.m in Sources */,
				2629D84227A1AA0C00D4D088 /* FloatingAttribute.m in Sources */,
			);
			runOnlyForDeploymentPostprocessing = 0;
		};
/* End PBXSourcesBuildPhase section */

/* Begin PBXVariantGroup section */
		2629D82B27A1A9CB00D4D088 /* Main.storyboard */ = {
			isa = PBXVariantGroup;
			children = (
				2629D82C27A1A9CB00D4D088 /* Base */,
			);
			name = Main.storyboard;
			sourceTree = "<group>";
		};
		2629D83027A1A9CF00D4D088 /* LaunchScreen.storyboard */ = {
			isa = PBXVariantGroup;
			children = (
				2629D83127A1A9CF00D4D088 /* Base */,
			);
			name = LaunchScreen.storyboard;
			sourceTree = "<group>";
		};
/* End PBXVariantGroup section */

/* Begin XCBuildConfiguration section */
		2629D83427A1A9CF00D4D088 /* Debug */ = {
			isa = XCBuildConfiguration;
			buildSettings = {
				ALWAYS_SEARCH_USER_PATHS = NO;
				CLANG_ANALYZER_NONNULL = YES;
				CLANG_ANALYZER_NUMBER_OBJECT_CONVERSION = YES_AGGRESSIVE;
				CLANG_CXX_LANGUAGE_STANDARD = "gnu++17";
				CLANG_CXX_LIBRARY = "libc++";
				CLANG_ENABLE_MODULES = YES;
				CLANG_ENABLE_OBJC_ARC = YES;
				CLANG_ENABLE_OBJC_WEAK = YES;
				CLANG_WARN_BLOCK_CAPTURE_AUTORELEASING = YES;
				CLANG_WARN_BOOL_CONVERSION = YES;
				CLANG_WARN_COMMA = YES;
				CLANG_WARN_CONSTANT_CONVERSION = YES;
				CLANG_WARN_DEPRECATED_OBJC_IMPLEMENTATIONS = YES;
				CLANG_WARN_DIRECT_OBJC_ISA_USAGE = YES_ERROR;
				CLANG_WARN_DOCUMENTATION_COMMENTS = YES;
				CLANG_WARN_EMPTY_BODY = YES;
				CLANG_WARN_ENUM_CONVERSION = YES;
				CLANG_WARN_INFINITE_RECURSION = YES;
				CLANG_WARN_INT_CONVERSION = YES;
				CLANG_WARN_NON_LITERAL_NULL_CONVERSION = YES;
				CLANG_WARN_OBJC_IMPLICIT_RETAIN_SELF = YES;
				CLANG_WARN_OBJC_LITERAL_CONVERSION = YES;
				CLANG_WARN_OBJC_ROOT_CLASS = YES_ERROR;
				CLANG_WARN_QUOTED_INCLUDE_IN_FRAMEWORK_HEADER = YES;
				CLANG_WARN_RANGE_LOOP_ANALYSIS = YES;
				CLANG_WARN_STRICT_PROTOTYPES = YES;
				CLANG_WARN_SUSPICIOUS_MOVE = YES;
				CLANG_WARN_UNGUARDED_AVAILABILITY = YES_AGGRESSIVE;
				CLANG_WARN_UNREACHABLE_CODE = YES;
				CLANG_WARN__DUPLICATE_METHOD_MATCH = YES;
				COPY_PHASE_STRIP = NO;
				DEBUG_INFORMATION_FORMAT = dwarf;
				ENABLE_STRICT_OBJC_MSGSEND = YES;
				ENABLE_TESTABILITY = YES;
				GCC_C_LANGUAGE_STANDARD = gnu11;
				GCC_DYNAMIC_NO_PIC = NO;
				GCC_NO_COMMON_BLOCKS = YES;
				GCC_OPTIMIZATION_LEVEL = 0;
				GCC_PREPROCESSOR_DEFINITIONS = (
					"DEBUG=1",
					"$(inherited)",
				);
				GCC_WARN_64_TO_32_BIT_CONVERSION = YES;
				GCC_WARN_ABOUT_RETURN_TYPE = YES_ERROR;
				GCC_WARN_UNDECLARED_SELECTOR = YES;
				GCC_WARN_UNINITIALIZED_AUTOS = YES_AGGRESSIVE;
				GCC_WARN_UNUSED_FUNCTION = YES;
				GCC_WARN_UNUSED_VARIABLE = YES;
				IPHONEOS_DEPLOYMENT_TARGET = 15.2;
				MTL_ENABLE_DEBUG_INFO = INCLUDE_SOURCE;
				MTL_FAST_MATH = YES;
				ONLY_ACTIVE_ARCH = YES;
				SDKROOT = iphoneos;
				SWIFT_ACTIVE_COMPILATION_CONDITIONS = DEBUG;
				SWIFT_OPTIMIZATION_LEVEL = "-Onone";
			};
			name = Debug;
		};
		2629D83527A1A9CF00D4D088 /* Release */ = {
			isa = XCBuildConfiguration;
			buildSettings = {
				ALWAYS_SEARCH_USER_PATHS = NO;
				CLANG_ANALYZER_NONNULL = YES;
				CLANG_ANALYZER_NUMBER_OBJECT_CONVERSION = YES_AGGRESSIVE;
				CLANG_CXX_LANGUAGE_STANDARD = "gnu++17";
				CLANG_CXX_LIBRARY = "libc++";
				CLANG_ENABLE_MODULES = YES;
				CLANG_ENABLE_OBJC_ARC = YES;
				CLANG_ENABLE_OBJC_WEAK = YES;
				CLANG_WARN_BLOCK_CAPTURE_AUTORELEASING = YES;
				CLANG_WARN_BOOL_CONVERSION = YES;
				CLANG_WARN_COMMA = YES;
				CLANG_WARN_CONSTANT_CONVERSION = YES;
				CLANG_WARN_DEPRECATED_OBJC_IMPLEMENTATIONS = YES;
				CLANG_WARN_DIRECT_OBJC_ISA_USAGE = YES_ERROR;
				CLANG_WARN_DOCUMENTATION_COMMENTS = YES;
				CLANG_WARN_EMPTY_BODY = YES;
				CLANG_WARN_ENUM_CONVERSION = YES;
				CLANG_WARN_INFINITE_RECURSION = YES;
				CLANG_WARN_INT_CONVERSION = YES;
				CLANG_WARN_NON_LITERAL_NULL_CONVERSION = YES;
				CLANG_WARN_OBJC_IMPLICIT_RETAIN_SELF = YES;
				CLANG_WARN_OBJC_LITERAL_CONVERSION = YES;
				CLANG_WARN_OBJC_ROOT_CLASS = YES_ERROR;
				CLANG_WARN_QUOTED_INCLUDE_IN_FRAMEWORK_HEADER = YES;
				CLANG_WARN_RANGE_LOOP_ANALYSIS = YES;
				CLANG_WARN_STRICT_PROTOTYPES = YES;
				CLANG_WARN_SUSPICIOUS_MOVE = YES;
				CLANG_WARN_UNGUARDED_AVAILABILITY = YES_AGGRESSIVE;
				CLANG_WARN_UNREACHABLE_CODE = YES;
				CLANG_WARN__DUPLICATE_METHOD_MATCH = YES;
				COPY_PHASE_STRIP = NO;
				DEBUG_INFORMATION_FORMAT = "dwarf-with-dsym";
				ENABLE_NS_ASSERTIONS = NO;
				ENABLE_STRICT_OBJC_MSGSEND = YES;
				GCC_C_LANGUAGE_STANDARD = gnu11;
				GCC_NO_COMMON_BLOCKS = YES;
				GCC_WARN_64_TO_32_BIT_CONVERSION = YES;
				GCC_WARN_ABOUT_RETURN_TYPE = YES_ERROR;
				GCC_WARN_UNDECLARED_SELECTOR = YES;
				GCC_WARN_UNINITIALIZED_AUTOS = YES_AGGRESSIVE;
				GCC_WARN_UNUSED_FUNCTION = YES;
				GCC_WARN_UNUSED_VARIABLE = YES;
				IPHONEOS_DEPLOYMENT_TARGET = 15.2;
				MTL_ENABLE_DEBUG_INFO = NO;
				MTL_FAST_MATH = YES;
				SDKROOT = iphoneos;
				SWIFT_COMPILATION_MODE = wholemodule;
				SWIFT_OPTIMIZATION_LEVEL = "-O";
				VALIDATE_PRODUCT = YES;
			};
			name = Release;
		};
		2629D83727A1A9CF00D4D088 /* Debug */ = {
			isa = XCBuildConfiguration;
			buildSettings = {
				ASSETCATALOG_COMPILER_APPICON_NAME = AppIcon;
				ASSETCATALOG_COMPILER_GLOBAL_ACCENT_COLOR_NAME = AccentColor;
				CODE_SIGN_STYLE = Automatic;
				CURRENT_PROJECT_VERSION = 1;
				DEVELOPMENT_TEAM = 3F4CT8BSST;
				GENERATE_INFOPLIST_FILE = YES;
				INFOPLIST_FILE = floating/Info.plist;
				INFOPLIST_KEY_UIApplicationSupportsIndirectInputEvents = YES;
				INFOPLIST_KEY_UILaunchStoryboardName = LaunchScreen;
				INFOPLIST_KEY_UIMainStoryboardFile = Main;
				INFOPLIST_KEY_UISupportedInterfaceOrientations_iPad = "UIInterfaceOrientationPortrait UIInterfaceOrientationPortraitUpsideDown UIInterfaceOrientationLandscapeLeft UIInterfaceOrientationLandscapeRight";
				INFOPLIST_KEY_UISupportedInterfaceOrientations_iPhone = "UIInterfaceOrientationPortrait UIInterfaceOrientationLandscapeLeft UIInterfaceOrientationLandscapeRight";
				IPHONEOS_DEPLOYMENT_TARGET = 13.6;
				LD_RUNPATH_SEARCH_PATHS = (
					"$(inherited)",
					"@executable_path/Frameworks",
				);
				MARKETING_VERSION = 1.0;
				PRODUCT_BUNDLE_IDENTIFIER = com.hahaha.666.com.floating;
				PRODUCT_NAME = "$(TARGET_NAME)";
				SWIFT_EMIT_LOC_STRINGS = YES;
				SWIFT_OBJC_BRIDGING_HEADER = floating/FloatingView/FloatingLabel.h;
				SWIFT_VERSION = 5.0;
				TARGETED_DEVICE_FAMILY = "1,2";
			};
			name = Debug;
		};
		2629D83827A1A9CF00D4D088 /* Release */ = {
			isa = XCBuildConfiguration;
			buildSettings = {
				ASSETCATALOG_COMPILER_APPICON_NAME = AppIcon;
				ASSETCATALOG_COMPILER_GLOBAL_ACCENT_COLOR_NAME = AccentColor;
				CODE_SIGN_STYLE = Automatic;
				CURRENT_PROJECT_VERSION = 1;
				DEVELOPMENT_TEAM = 3F4CT8BSST;
				GENERATE_INFOPLIST_FILE = YES;
				INFOPLIST_FILE = floating/Info.plist;
				INFOPLIST_KEY_UIApplicationSupportsIndirectInputEvents = YES;
				INFOPLIST_KEY_UILaunchStoryboardName = LaunchScreen;
				INFOPLIST_KEY_UIMainStoryboardFile = Main;
				INFOPLIST_KEY_UISupportedInterfaceOrientations_iPad = "UIInterfaceOrientationPortrait UIInterfaceOrientationPortraitUpsideDown UIInterfaceOrientationLandscapeLeft UIInterfaceOrientationLandscapeRight";
				INFOPLIST_KEY_UISupportedInterfaceOrientations_iPhone = "UIInterfaceOrientationPortrait UIInterfaceOrientationLandscapeLeft UIInterfaceOrientationLandscapeRight";
				IPHONEOS_DEPLOYMENT_TARGET = 13.6;
				LD_RUNPATH_SEARCH_PATHS = (
					"$(inherited)",
					"@executable_path/Frameworks",
				);
				MARKETING_VERSION = 1.0;
				PRODUCT_BUNDLE_IDENTIFIER = com.hahaha.666.com.floating;
				PRODUCT_NAME = "$(TARGET_NAME)";
				SWIFT_EMIT_LOC_STRINGS = YES;
				SWIFT_OBJC_BRIDGING_HEADER = floating/FloatingView/FloatingLabel.h;
				SWIFT_VERSION = 5.0;
				TARGETED_DEVICE_FAMILY = "1,2";
			};
			name = Release;
		};
/* End XCBuildConfiguration section */

/* Begin XCConfigurationList section */
		2629D81D27A1A9CB00D4D088 /* Build configuration list for PBXProject "floating" */ = {
			isa = XCConfigurationList;
			buildConfigurations = (
				2629D83427A1A9CF00D4D088 /* Debug */,
				2629D83527A1A9CF00D4D088 /* Release */,
			);
			defaultConfigurationIsVisible = 0;
			defaultConfigurationName = Release;
		};
		2629D83627A1A9CF00D4D088 /* Build configuration list for PBXNativeTarget "floating" */ = {
			isa = XCConfigurationList;
			buildConfigurations = (
				2629D83727A1A9CF00D4D088 /* Debug */,
				2629D83827A1A9CF00D4D088 /* Release */,
			);
			defaultConfigurationIsVisible = 0;
			defaultConfigurationName = Release;
		};
/* End XCConfigurationList section */
	};
	rootObject = 2629D81A27A1A9CB00D4D088 /* Project object */;
}
